
Microsoft Visual Studio Solution File, Format Version 12.00
# Visual Studio Version 17
VisualStudioVersion = 17.14.36511.14 d17.14
MinimumVisualStudioVersion = 10.0.40219.1
Project("{FAE04EC0-301F-11D3-BF4B-00C04F79EFBC}") = "Library", "Library\Library.csproj", "{98B67B42-44D9-4642-BED4-06726C72232A}"
EndProject
Global
	GlobalSection(SolutionConfigurationPlatforms) = preSolution
		Debug|Any CPU = Debug|Any CPU
		Release|Any CPU = Release|Any CPU
	EndGlobalSection
	GlobalSection(ProjectConfigurationPlatforms) = postSolution
		{98B67B42-44D9-4642-BED4-06726C72232A}.Debug|Any CPU.ActiveCfg = Debug|Any CPU
		{98B67B42-44D9-4642-BED4-06726C72232A}.Debug|Any CPU.Build.0 = Debug|Any CPU
		{98B67B42-44D9-4642-BED4-06726C72232A}.Release|Any CPU.ActiveCfg = Release|Any CPU
		{98B67B42-44D9-4642-BED4-06726C72232A}.Release|Any CPU.Build.0 = Release|Any CPU
	EndGlobalSection
	GlobalSection(SolutionProperties) = preSolution
		HideSolutionNode = FALSE
	EndGlobalSection
	GlobalSection(ExtensibilityGlobals) = postSolution
		SolutionGuid = {669AD67F-66AA-4F01-910E-4F431491A90F}
	EndGlobalSection
EndGlobal
